<?xml version="1.0" encoding="utf-8"?>
<Project ToolsVersion="4.0" xmlns="http://schemas.microsoft.com/developer/msbuild/2003">
  <ItemGroup>
    <Filter Include="Pliki zasobów">
      <UniqueIdentifier>{67DA6AB6-F800-4c08-8B7A-83BB121AAD01}</UniqueIdentifier>
      <Extensions>rc;ico;cur;bmp;dlg;rc2;rct;bin;rgs;gif;jpg;jpeg;jpe;resx;tiff;tif;png;wav;mfcribbon-ms</Extensions>
    </Filter>
    <Filter Include="bison">
      <UniqueIdentifier>{f6fd1d1b-e620-41f4-b63b-fdc21191324f}</UniqueIdentifier>
    </Filter>
    <Filter Include="bison\gen">
      <UniqueIdentifier>{89dada78-81c7-447f-90c8-eca183e53532}</UniqueIdentifier>
    </Filter>
    <Filter Include="Pliki nagłówkowe">
      <UniqueIdentifier>{93995380-89BD-4b04-88EB-625FBE52EBFB}</UniqueIdentifier>
      <Extensions>h;hh;hpp;hxx;h++;hm;inl;inc;ipp;xsd</Extensions>
    </Filter>
    <Filter Include="AST">
      <UniqueIdentifier>{39a38001-2f66-445e-87ef-3e9a0197c134}</UniqueIdentifier>
    </Filter>
    <Filter Include="AST\Declaration">
      <UniqueIdentifier>{85c671ae-50ae-47a0-8137-5545769a17b1}</UniqueIdentifier>
    </Filter>
    <Filter Include="Pliki nagłówkowe\LLVM">
      <UniqueIdentifier>{acf5b4b4-6304-4936-bd22-bd7aaa5a12e6}</UniqueIdentifier>
    </Filter>
    <Filter Include="LVMSource">
      <UniqueIdentifier>{8d2814e7-759c-4324-827b-fada2ba9a90f}</UniqueIdentifier>
    </Filter>
    <Filter Include="Pliki nagłówkowe\Lexer">
      <UniqueIdentifier>{0e218ed4-fc81-43dc-b4b5-0dca75311a05}</UniqueIdentifier>
    </Filter>
    <Filter Include="Pliki nagłówkowe\Engines">
      <UniqueIdentifier>{f1f65401-a8c8-4056-b29b-ecef31926be2}</UniqueIdentifier>
    </Filter>
    <Filter Include="AST\Definition">
      <UniqueIdentifier>{7e90b105-8f0e-411a-9a67-804a119195a8}</UniqueIdentifier>
    </Filter>
    <Filter Include="Pliki zasobów\Pliki źródłowe">
      <UniqueIdentifier>{4FC737F1-C7A5-4376-A066-2A32D752A2FF}</UniqueIdentifier>
      <Extensions>cpp;c;cc;cxx;c++;cppm;ixx;def;odl;idl;hpj;bat;asm;asmx</Extensions>
    </Filter>
  </ItemGroup>
  <ItemGroup>
    <ClCompile Include="main.cpp">
      <Filter>Pliki zasobów\Pliki źródłowe</Filter>
    </ClCompile>
    <ClCompile Include="lexer.cpp">
      <Filter>bison\gen</Filter>
    </ClCompile>
    <ClCompile Include="parser.cpp">
      <Filter>bison\gen</Filter>
    </ClCompile>
    <ClCompile Include="Type.cpp">
      <Filter>AST\Definition</Filter>
    </ClCompile>
    <ClCompile Include="Function.cpp">
      <Filter>AST\Definition</Filter>
    </ClCompile>
    <ClCompile Include="lex.cpp">
      <Filter>Pliki zasobów\Pliki źródłowe</Filter>
    </ClCompile>
    <ClCompile Include="ContextAnalyzer.cpp">
      <Filter>Pliki zasobów\Pliki źródłowe</Filter>
    </ClCompile>
    <ClCompile Include="IfManager.cpp">
      <Filter>Pliki zasobów\Pliki źródłowe</Filter>
    </ClCompile>
    <ClCompile Include="LLVMBuilder.cpp">
      <Filter>Pliki zasobów\Pliki źródłowe</Filter>
    </ClCompile>
    <ClCompile Include="message.cpp">
      <Filter>Pliki zasobów</Filter>
    </ClCompile>
    <ClCompile Include="SystemFunctions.cpp">
      <Filter>Pliki zasobów\Pliki źródłowe</Filter>
    </ClCompile>
  </ItemGroup>
  <ItemGroup>
    <ClInclude Include="DuObject.h">
      <Filter>AST\Declaration</Filter>
    </ClInclude>
    <ClInclude Include="Scope.h">
      <Filter>AST\Declaration</Filter>
    </ClInclude>
    <ClInclude Include="parser.hpp">
      <Filter>bison\gen</Filter>
    </ClInclude>
    <ClInclude Include="Type.h">
      <Filter>AST\Declaration</Filter>
    </ClInclude>
    <ClInclude Include="Value.h">
      <Filter>AST\Declaration</Filter>
    </ClInclude>
    <ClInclude Include="Variable.h">
      <Filter>AST\Declaration</Filter>
    </ClInclude>
    <ClInclude Include="TypeContainer.h">
      <Filter>Pliki nagłówkowe</Filter>
    </ClInclude>
    <ClInclude Include="Statement.h">
      <Filter>AST\Declaration</Filter>
    </ClInclude>
    <ClInclude Include="SystemFunctions.h">
      <Filter>Pliki nagłówkowe</Filter>
    </ClInclude>
    <ClInclude Include="Expression.h">
      <Filter>AST\Declaration</Filter>
    </ClInclude>
    <ClInclude Include="GenTmpVariables.h">
      <Filter>AST\Declaration</Filter>
    </ClInclude>
    <ClInclude Include="LLVMGenerator.h">
      <Filter>Pliki nagłówkowe\LLVM</Filter>
    </ClInclude>
    <ClInclude Include="ContextAnalyzer.h">
      <Filter>Pliki nagłówkowe\Lexer</Filter>
    </ClInclude>
    <ClInclude Include="LexerContext.h">
      <Filter>Pliki nagłówkowe\Lexer</Filter>
    </ClInclude>
    <ClInclude Include="OutputEngine.h">
      <Filter>Pliki nagłówkowe\Engines</Filter>
    </ClInclude>
    <ClInclude Include="MessageEngine.h">
      <Filter>Pliki nagłówkowe\Engines</Filter>
    </ClInclude>
    <ClInclude Include="IfManager.h">
      <Filter>AST\Declaration</Filter>
    </ClInclude>
    <ClInclude Include="AstTree.h">
      <Filter>Pliki nagłówkowe</Filter>
    </ClInclude>
    <ClInclude Include="Interfaces.h">
      <Filter>AST\Declaration</Filter>
    </ClInclude>
    <ClInclude Include="LLvmBuilder.h">
      <Filter>Pliki nagłówkowe\LLVM</Filter>
    </ClInclude>
    <ClInclude Include="Loop.h">
      <Filter>AST\Declaration</Filter>
    </ClInclude>
  </ItemGroup>
  <ItemGroup>
    <CustomBuild Include="lexer.l">
      <Filter>bison</Filter>
    </CustomBuild>
    <CustomBuild Include="parser.ypp">
      <Filter>bison</Filter>
    </CustomBuild>
  </ItemGroup>
  <ItemGroup>
    <None Include="Main.du">
      <Filter>Pliki zasobów</Filter>
    </None>
  </ItemGroup>
</Project>